
Microsoft Visual Studio Solution File, Format Version 12.00
# Visual Studio Version 16
VisualStudioVersion = 16.0.30717.126
MinimumVisualStudioVersion = 10.0.40219.1
Project("{9A19103F-16F7-4668-BE54-9A1E7A4F7556}") = "HotelBooking.Api", "HotelBooking.Api\HotelBooking.Api.csproj", "{8EBFE762-F3D3-4679-9A48-434872AE00FB}"
EndProject
Project("{9A19103F-16F7-4668-BE54-9A1E7A4F7556}") = "HotelBooking.Application", "HotelBooking.Application\HotelBooking.Application.csproj", "{2503D1BE-72B4-4650-A9F2-1CA28D453540}"
EndProject
Project("{9A19103F-16F7-4668-BE54-9A1E7A4F7556}") = "HotelBooking.Domain", "HotelBooking.Domain\HotelBooking.Domain.csproj", "{D3C2B0B1-B028-47E2-94A0-8FF65D3E3968}"
EndProject
Project("{9A19103F-16F7-4668-BE54-9A1E7A4F7556}") = "HotelBooking.DataAccess.MSSQL", "HotelBooking.DataAccess.MSSQL\HotelBooking.DataAccess.MSSQL.csproj", "{0785D074-5283-4686-804B-ADD11757C00E}"
EndProject
Project("{9A19103F-16F7-4668-BE54-9A1E7A4F7556}") = "HotelBooking.WebApp", "HotelBooking.WebApp\HotelBooking.WebApp.csproj", "{23B6E7FF-35A3-42C3-A796-F92EA01754A1}"
EndProject
Global
	GlobalSection(SolutionConfigurationPlatforms) = preSolution
		Debug|Any CPU = Debug|Any CPU
		Release|Any CPU = Release|Any CPU
	EndGlobalSection
	GlobalSection(ProjectConfigurationPlatforms) = postSolution
		{8EBFE762-F3D3-4679-9A48-434872AE00FB}.Debug|Any CPU.ActiveCfg = Debug|Any CPU
		{8EBFE762-F3D3-4679-9A48-434872AE00FB}.Debug|Any CPU.Build.0 = Debug|Any CPU
		{8EBFE762-F3D3-4679-9A48-434872AE00FB}.Release|Any CPU.ActiveCfg = Release|Any CPU
		{8EBFE762-F3D3-4679-9A48-434872AE00FB}.Release|Any CPU.Build.0 = Release|Any CPU
		{2503D1BE-72B4-4650-A9F2-1CA28D453540}.Debug|Any CPU.ActiveCfg = Debug|Any CPU
		{2503D1BE-72B4-4650-A9F2-1CA28D453540}.Debug|Any CPU.Build.0 = Debug|Any CPU
		{2503D1BE-72B4-4650-A9F2-1CA28D453540}.Release|Any CPU.ActiveCfg = Release|Any CPU
		{2503D1BE-72B4-4650-A9F2-1CA28D453540}.Release|Any CPU.Build.0 = Release|Any CPU
		{D3C2B0B1-B028-47E2-94A0-8FF65D3E3968}.Debug|Any CPU.ActiveCfg = Debug|Any CPU
		{D3C2B0B1-B028-47E2-94A0-8FF65D3E3968}.Debug|Any CPU.Build.0 = Debug|Any CPU
		{D3C2B0B1-B028-47E2-94A0-8FF65D3E3968}.Release|Any CPU.ActiveCfg = Release|Any CPU
		{D3C2B0B1-B028-47E2-94A0-8FF65D3E3968}.Release|Any CPU.Build.0 = Release|Any CPU
		{0785D074-5283-4686-804B-ADD11757C00E}.Debug|Any CPU.ActiveCfg = Debug|Any CPU
		{0785D074-5283-4686-804B-ADD11757C00E}.Debug|Any CPU.Build.0 = Debug|Any CPU
		{0785D074-5283-4686-804B-ADD11757C00E}.Release|Any CPU.ActiveCfg = Release|Any CPU
		{0785D074-5283-4686-804B-ADD11757C00E}.Release|Any CPU.Build.0 = Release|Any CPU
		{23B6E7FF-35A3-42C3-A796-F92EA01754A1}.Debug|Any CPU.ActiveCfg = Debug|Any CPU
		{23B6E7FF-35A3-42C3-A796-F92EA01754A1}.Debug|Any CPU.Build.0 = Debug|Any CPU
		{23B6E7FF-35A3-42C3-A796-F92EA01754A1}.Release|Any CPU.ActiveCfg = Release|Any CPU
		{23B6E7FF-35A3-42C3-A796-F92EA01754A1}.Release|Any CPU.Build.0 = Release|Any CPU
	EndGlobalSection
	GlobalSection(SolutionProperties) = preSolution
		HideSolutionNode = FALSE
	EndGlobalSection
	GlobalSection(ExtensibilityGlobals) = postSolution
		SolutionGuid = {90411D0B-8CA6-41CB-81A0-4221046C275F}
	EndGlobalSection
EndGlobal
